
Microsoft Visual Studio Solution File, Format Version 12.00
# Visual Studio 2013
VisualStudioVersion = 12.0.30501.0
MinimumVisualStudioVersion = 10.0.40219.1
Project("{FAE04EC0-301F-11D3-BF4B-00C04F79EFBC}") = "WcfCpuApp", "WcfCpuApp\WcfCpuApp.csproj", "{E543D182-08F3-4242-B4DF-3663B492487F}"
EndProject
Project("{FAE04EC0-301F-11D3-BF4B-00C04F79EFBC}") = "CpuInfoClient", "CpuInfoClient\CpuInfoClient.csproj", "{4736277F-04B0-4482-B636-38052329E1D8}"
EndProject
Global
	GlobalSection(SolutionConfigurationPlatforms) = preSolution
		Debug|Any CPU = Debug|Any CPU
		Release|Any CPU = Release|Any CPU
	EndGlobalSection
	GlobalSection(ProjectConfigurationPlatforms) = postSolution
		{E543D182-08F3-4242-B4DF-3663B492487F}.Debug|Any CPU.ActiveCfg = Debug|Any CPU
		{E543D182-08F3-4242-B4DF-3663B492487F}.Debug|Any CPU.Build.0 = Debug|Any CPU
		{E543D182-08F3-4242-B4DF-3663B492487F}.Release|Any CPU.ActiveCfg = Release|Any CPU
		{E543D182-08F3-4242-B4DF-3663B492487F}.Release|Any CPU.Build.0 = Release|Any CPU
		{4736277F-04B0-4482-B636-38052329E1D8}.Debug|Any CPU.ActiveCfg = Debug|Any CPU
		{4736277F-04B0-4482-B636-38052329E1D8}.Debug|Any CPU.Build.0 = Debug|Any CPU
		{4736277F-04B0-4482-B636-38052329E1D8}.Release|Any CPU.ActiveCfg = Release|Any CPU
		{4736277F-04B0-4482-B636-38052329E1D8}.Release|Any CPU.Build.0 = Release|Any CPU
	EndGlobalSection
	GlobalSection(SolutionProperties) = preSolution
		HideSolutionNode = FALSE
	EndGlobalSection
EndGlobal
